
Microsoft Visual Studio Solution File, Format Version 12.00
# Visual Studio Version 17
VisualStudioVersion = 17.9.34714.143
MinimumVisualStudioVersion = 10.0.40219.1
Project("{FAE04EC0-301F-11D3-BF4B-00C04F79EFBC}") = "Calcularor2", "Calcularor2.csproj", "{8E19A681-4460-48AA-B5A0-810811682237}"
EndProject
Global
	GlobalSection(SolutionConfigurationPlatforms) = preSolution
		Debug|Any CPU = Debug|Any CPU
		Release|Any CPU = Release|Any CPU
	EndGlobalSection
	GlobalSection(ProjectConfigurationPlatforms) = postSolution
		{8E19A681-4460-48AA-B5A0-810811682237}.Debug|Any CPU.ActiveCfg = Debug|Any CPU
		{8E19A681-4460-48AA-B5A0-810811682237}.Debug|Any CPU.Build.0 = Debug|Any CPU
		{8E19A681-4460-48AA-B5A0-810811682237}.Release|Any CPU.ActiveCfg = Release|Any CPU
		{8E19A681-4460-48AA-B5A0-810811682237}.Release|Any CPU.Build.0 = Release|Any CPU
	EndGlobalSection
	GlobalSection(SolutionProperties) = preSolution
		HideSolutionNode = FALSE
	EndGlobalSection
	GlobalSection(ExtensibilityGlobals) = postSolution
		SolutionGuid = {6951DD65-D8DC-43AA-82FA-D4257B2042E0}
	EndGlobalSection
EndGlobal
